
Microsoft Visual Studio Solution File, Format Version 12.00
# Visual Studio Version 17
VisualStudioVersion = 17.13.35818.85
MinimumVisualStudioVersion = 10.0.40219.1
Project("{FAE04EC0-301F-11D3-BF4B-00C04F79EFBC}") = "Fit", "Fit\Fit.csproj", "{848B6588-8B4F-4E5F-9558-477A12EFDFBA}"
EndProject
Project("{FAE04EC0-301F-11D3-BF4B-00C04F79EFBC}") = "FitCore", "FitCore\FitCore.csproj", "{D1725CF8-DC74-4723-8D79-BF849FF4E34F}"
EndProject
Project("{FAE04EC0-301F-11D3-BF4B-00C04F79EFBC}") = "FitData", "FitData\FitData.csproj", "{5B4FAD68-32D4-45F8-A46F-F8F1B2567D9C}"
EndProject
Project("{FAE04EC0-301F-11D3-BF4B-00C04F79EFBC}") = "Fit.Tests", "Fit.Tests\Fit.Tests.csproj", "{B837FE02-81A2-47E2-B8CF-00303A9CFDA5}"
EndProject
Global
	GlobalSection(SolutionConfigurationPlatforms) = preSolution
		Debug|Any CPU = Debug|Any CPU
		Release|Any CPU = Release|Any CPU
	EndGlobalSection
	GlobalSection(ProjectConfigurationPlatforms) = postSolution
		{848B6588-8B4F-4E5F-9558-477A12EFDFBA}.Debug|Any CPU.ActiveCfg = Debug|Any CPU
		{848B6588-8B4F-4E5F-9558-477A12EFDFBA}.Debug|Any CPU.Build.0 = Debug|Any CPU
		{848B6588-8B4F-4E5F-9558-477A12EFDFBA}.Release|Any CPU.ActiveCfg = Release|Any CPU
		{848B6588-8B4F-4E5F-9558-477A12EFDFBA}.Release|Any CPU.Build.0 = Release|Any CPU
		{D1725CF8-DC74-4723-8D79-BF849FF4E34F}.Debug|Any CPU.ActiveCfg = Debug|Any CPU
		{D1725CF8-DC74-4723-8D79-BF849FF4E34F}.Debug|Any CPU.Build.0 = Debug|Any CPU
		{D1725CF8-DC74-4723-8D79-BF849FF4E34F}.Release|Any CPU.ActiveCfg = Release|Any CPU
		{D1725CF8-DC74-4723-8D79-BF849FF4E34F}.Release|Any CPU.Build.0 = Release|Any CPU
		{5B4FAD68-32D4-45F8-A46F-F8F1B2567D9C}.Debug|Any CPU.ActiveCfg = Debug|Any CPU
		{5B4FAD68-32D4-45F8-A46F-F8F1B2567D9C}.Debug|Any CPU.Build.0 = Debug|Any CPU
		{5B4FAD68-32D4-45F8-A46F-F8F1B2567D9C}.Release|Any CPU.ActiveCfg = Release|Any CPU
		{5B4FAD68-32D4-45F8-A46F-F8F1B2567D9C}.Release|Any CPU.Build.0 = Release|Any CPU
		{B837FE02-81A2-47E2-B8CF-00303A9CFDA5}.Debug|Any CPU.ActiveCfg = Debug|Any CPU
		{B837FE02-81A2-47E2-B8CF-00303A9CFDA5}.Debug|Any CPU.Build.0 = Debug|Any CPU
		{B837FE02-81A2-47E2-B8CF-00303A9CFDA5}.Release|Any CPU.ActiveCfg = Release|Any CPU
		{B837FE02-81A2-47E2-B8CF-00303A9CFDA5}.Release|Any CPU.Build.0 = Release|Any CPU
	EndGlobalSection
	GlobalSection(SolutionProperties) = preSolution
		HideSolutionNode = FALSE
	EndGlobalSection
	GlobalSection(ExtensibilityGlobals) = postSolution
		SolutionGuid = {A79D4BA5-64B5-4FE8-800E-049C035DD055}
	EndGlobalSection
EndGlobal
